<?xml version="1.0" encoding="utf-8"?>
<Project ToolsVersion="4.0" xmlns="http://schemas.microsoft.com/developer/msbuild/2003">
  <ItemGroup>
    <ClCompile Include="TitleLevel.cpp">
      <Filter>Level</Filter>
    </ClCompile>
    <ClCompile Include="Title_Background.cpp">
      <Filter>Object\UI</Filter>
    </ClCompile>
    <ClCompile Include="ContentsCore.cpp">
      <Filter>Global</Filter>
    </ClCompile>
    <ClCompile Include="Title_FX.cpp">
      <Filter>Object\UI</Filter>
    </ClCompile>
    <ClCompile Include="PreCompile.cpp">
      <Filter>Global</Filter>
    </ClCompile>
    <ClCompile Include="TestLevel.cpp">
      <Filter>Level</Filter>
    </ClCompile>
    <ClCompile Include="BaseMap.cpp">
      <Filter>Object\Map</Filter>
    </ClCompile>
    <ClCompile Include="Player.cpp">
      <Filter>Object\Character\Player</Filter>
    </ClCompile>
    <ClCompile Include="BaseCharacter.cpp">
      <Filter>Object\Character</Filter>
    </ClCompile>
    <ClCompile Include="BaseLevel.cpp">
      <Filter>Level</Filter>
    </ClCompile>
  </ItemGroup>
  <ItemGroup>
    <ClInclude Include="ContentsEnum.h">
      <Filter>Global</Filter>
    </ClInclude>
    <ClInclude Include="TitleLevel.h">
      <Filter>Level</Filter>
    </ClInclude>
    <ClInclude Include="Title_Background.h">
      <Filter>Object\UI</Filter>
    </ClInclude>
    <ClInclude Include="ContentsCore.h">
      <Filter>Global</Filter>
    </ClInclude>
    <ClInclude Include="Title_FX.h">
      <Filter>Object\UI</Filter>
    </ClInclude>
    <ClInclude Include="PreCompile.h">
      <Filter>Global</Filter>
    </ClInclude>
    <ClInclude Include="TestLevel.h">
      <Filter>Level</Filter>
    </ClInclude>
    <ClInclude Include="BaseMap.h">
      <Filter>Object\Map</Filter>
    </ClInclude>
    <ClInclude Include="Player.h">
      <Filter>Object\Character\Player</Filter>
    </ClInclude>
    <ClInclude Include="BaseCharacter.h">
      <Filter>Object\Character</Filter>
    </ClInclude>
    <ClInclude Include="BaseLevel.h">
      <Filter>Level</Filter>
    </ClInclude>
  </ItemGroup>
  <ItemGroup>
    <Filter Include="Level">
      <UniqueIdentifier>{c9a2e832-8d6b-49de-ac34-3e11f6f95c4b}</UniqueIdentifier>
    </Filter>
    <Filter Include="Object">
      <UniqueIdentifier>{5149ea30-97f1-47b8-922c-87826f277675}</UniqueIdentifier>
    </Filter>
    <Filter Include="Global">
      <UniqueIdentifier>{ca09bba4-fac2-48d7-bd82-8680ddecfb32}</UniqueIdentifier>
    </Filter>
    <Filter Include="Object\UI">
      <UniqueIdentifier>{95d0a002-502e-4fae-9773-1fb49c48c6f5}</UniqueIdentifier>
    </Filter>
    <Filter Include="Object\Map">
      <UniqueIdentifier>{54518511-c43f-4a94-8442-bc6a8ab0e25c}</UniqueIdentifier>
    </Filter>
    <Filter Include="Object\Character">
      <UniqueIdentifier>{284dbdd5-2b43-44e5-bf36-83b1454f31d9}</UniqueIdentifier>
    </Filter>
    <Filter Include="Object\Character\Player">
      <UniqueIdentifier>{11f79a61-8139-4985-973c-c55b9a368623}</UniqueIdentifier>
    </Filter>
  </ItemGroup>
</Project>